// !$*UTF8*$!
{
	archiveVersion = 1;
	classes = {
	};
	objectVersion = 46;
	objects = {

/* Begin PBXBuildFile section */
		5E240DE61AD7FB2200026CB0 /* Lakhu.h in CopyFiles */ = {isa = PBXBuildFile; fileRef = 5E240DE51AD7FB2200026CB0 /* Lakhu.h */; };
		5E240DE81AD7FB2200026CB0 /* Lakhu.m in Sources */ = {isa = PBXBuildFile; fileRef = 5E240DE71AD7FB2200026CB0 /* Lakhu.m */; };
		5E240DEE1AD7FB2200026CB0 /* libLakhu.a in Frameworks */ = {isa = PBXBuildFile; fileRef = 5E240DE21AD7FB2200026CB0 /* libLakhu.a */; };
		5E240DFD1AD7FBB200026CB0 /* libsqlite3.dylib in Frameworks */ = {isa = PBXBuildFile; fileRef = 5E240DFC1AD7FBB200026CB0 /* libsqlite3.dylib */; };
/* End PBXBuildFile section */

/* Begin PBXContainerItemProxy section */
		5E240DEF1AD7FB2200026CB0 /* PBXContainerItemProxy */ = {
			isa = PBXContainerItemProxy;
			containerPortal = 5E240DDA1AD7FB2200026CB0 /* Project object */;
			proxyType = 1;
			remoteGlobalIDString = 5E240DE11AD7FB2200026CB0;
			remoteInfo = Lakhu;
		};
/* End PBXContainerItemProxy section */

/* Begin PBXCopyFilesBuildPhase section */
		5E240DE01AD7FB2200026CB0 /* CopyFiles */ = {
			isa = PBXCopyFilesBuildPhase;
			buildActionMask = 2147483647;
			dstPath = "include/$(PRODUCT_NAME)";
			dstSubfolderSpec = 16;
			files = (
				5E240DE61AD7FB2200026CB0 /* Lakhu.h in CopyFiles */,
			);
			runOnlyForDeploymentPostprocessing = 0;
		};
/* End PBXCopyFilesBuildPhase section */

/* Begin PBXFileReference section */
		5E240DE21AD7FB2200026CB0 /* libLakhu.a */ = {isa = PBXFileReference; explicitFileType = archive.ar; includeInIndex = 0; path = libLakhu.a; sourceTree = BUILT_PRODUCTS_DIR; };
		5E240DE51AD7FB2200026CB0 /* Lakhu.h */ = {isa = PBXFileReference; lastKnownFileType = sourcecode.c.h; path = Lakhu.h; sourceTree = "<group>"; };
		5E240DE71AD7FB2200026CB0 /* Lakhu.m */ = {isa = PBXFileReference; lastKnownFileType = sourcecode.c.objc; path = Lakhu.m; sourceTree = "<group>"; };
		5E240DED1AD7FB2200026CB0 /* LakhuTests.xctest */ = {isa = PBXFileReference; explicitFileType = wrapper.cfbundle; includeInIndex = 0; path = LakhuTests.xctest; sourceTree = BUILT_PRODUCTS_DIR; };
		5E240DF31AD7FB2200026CB0 /* Info.plist */ = {isa = PBXFileReference; lastKnownFileType = text.plist.xml; path = Info.plist; sourceTree = "<group>"; };
		5E240DFC1AD7FBB200026CB0 /* libsqlite3.dylib */ = {isa = PBXFileReference; lastKnownFileType = "compiled.mach-o.dylib"; name = libsqlite3.dylib; path = usr/lib/libsqlite3.dylib; sourceTree = SDKROOT; };
/* End PBXFileReference section */

/* Begin PBXFrameworksBuildPhase section */
		5E240DDF1AD7FB2200026CB0 /* Frameworks */ = {
			isa = PBXFrameworksBuildPhase;
			buildActionMask = 2147483647;
			files = (
				5E240DFD1AD7FBB200026CB0 /* libsqlite3.dylib in Frameworks */,
			);
			runOnlyForDeploymentPostprocessing = 0;
		};
		5E240DEA1AD7FB2200026CB0 /* Frameworks */ = {
			isa = PBXFrameworksBuildPhase;
			buildActionMask = 2147483647;
			files = (
				5E240DEE1AD7FB2200026CB0 /* libLakhu.a in Frameworks */,
			);
			runOnlyForDeploymentPostprocessing = 0;
		};
/* End PBXFrameworksBuildPhase section */

/* Begin PBXGroup section */
		5E240DD91AD7FB2200026CB0 = {
			isa = PBXGroup;
			children = (
				5E240E1F1AD9719700026CB0 /* Indexing Headers */,
				5E240DFC1AD7FBB200026CB0 /* libsqlite3.dylib */,
				5E240DE41AD7FB2200026CB0 /* Lakhu */,
				5E240DF11AD7FB2200026CB0 /* LakhuTests */,
				5E240DE31AD7FB2200026CB0 /* Products */,
			);
			sourceTree = "<group>";
		};
		5E240DE31AD7FB2200026CB0 /* Products */ = {
			isa = PBXGroup;
			children = (
				5E240DE21AD7FB2200026CB0 /* libLakhu.a */,
				5E240DED1AD7FB2200026CB0 /* LakhuTests.xctest */,
			);
			name = Products;
			sourceTree = "<group>";
		};
		5E240DE41AD7FB2200026CB0 /* Lakhu */ = {
			isa = PBXGroup;
			children = (
				5E240DE51AD7FB2200026CB0 /* Lakhu.h */,
				5E240DE71AD7FB2200026CB0 /* Lakhu.m */,
			);
			path = Lakhu;
			sourceTree = "<group>";
		};
		5E240DF11AD7FB2200026CB0 /* LakhuTests */ = {
			isa = PBXGroup;
			children = (
				5E240DF21AD7FB2200026CB0 /* Supporting Files */,
			);
			path = LakhuTests;
			sourceTree = "<group>";
		};
		5E240DF21AD7FB2200026CB0 /* Supporting Files */ = {
			isa = PBXGroup;
			children = (
				5E240DF31AD7FB2200026CB0 /* Info.plist */,
			);
			name = "Supporting Files";
			sourceTree = "<group>";
		};
		5E240E1F1AD9719700026CB0 /* Indexing Headers */ = {
			isa = PBXGroup;
			children = (
			);
			name = "Indexing Headers";
			sourceTree = "<group>";
		};
/* End PBXGroup section */

/* Begin PBXNativeTarget section */
		5E240DE11AD7FB2200026CB0 /* Lakhu */ = {
			isa = PBXNativeTarget;
			buildConfigurationList = 5E240DF61AD7FB2200026CB0 /* Build configuration list for PBXNativeTarget "Lakhu" */;
			buildPhases = (
				5E240DDE1AD7FB2200026CB0 /* Sources */,
				5E240DDF1AD7FB2200026CB0 /* Frameworks */,
				5E240DE01AD7FB2200026CB0 /* CopyFiles */,
			);
			buildRules = (
			);
			dependencies = (
			);
			name = Lakhu;
			productName = Lakhu;
			productReference = 5E240DE21AD7FB2200026CB0 /* libLakhu.a */;
			productType = "com.apple.product-type.library.static";
		};
		5E240DEC1AD7FB2200026CB0 /* LakhuTests */ = {
			isa = PBXNativeTarget;
			buildConfigurationList = 5E240DF91AD7FB2200026CB0 /* Build configuration list for PBXNativeTarget "LakhuTests" */;
			buildPhases = (
				5E240DE91AD7FB2200026CB0 /* Sources */,
				5E240DEA1AD7FB2200026CB0 /* Frameworks */,
				5E240DEB1AD7FB2200026CB0 /* Resources */,
			);
			buildRules = (
			);
			dependencies = (
				5E240DF01AD7FB2200026CB0 /* PBXTargetDependency */,
			);
			name = LakhuTests;
			productName = LakhuTests;
			productReference = 5E240DED1AD7FB2200026CB0 /* LakhuTests.xctest */;
			productType = "com.apple.product-type.bundle.unit-test";
		};
/* End PBXNativeTarget section */

/* Begin PBXProject section */
		5E240DDA1AD7FB2200026CB0 /* Project object */ = {
			isa = PBXProject;
			attributes = {
				LastUpgradeCheck = 0620;
				ORGANIZATIONNAME = Sreejith;
				TargetAttributes = {
					5E240DE11AD7FB2200026CB0 = {
						CreatedOnToolsVersion = 6.2;
					};
					5E240DEC1AD7FB2200026CB0 = {
						CreatedOnToolsVersion = 6.2;
					};
				};
			};
			buildConfigurationList = 5E240DDD1AD7FB2200026CB0 /* Build configuration list for PBXProject "Lakhu" */;
			compatibilityVersion = "Xcode 3.2";
			developmentRegion = English;
			hasScannedForEncodings = 0;
			knownRegions = (
				en,
			);
			mainGroup = 5E240DD91AD7FB2200026CB0;
			productRefGroup = 5E240DE31AD7FB2200026CB0 /* Products */;
			projectDirPath = "";
			projectRoot = "";
			targets = (
				5E240DE11AD7FB2200026CB0 /* Lakhu */,
				5E240DEC1AD7FB2200026CB0 /* LakhuTests */,
			);
		};
/* End PBXProject section */

/* Begin PBXResourcesBuildPhase section */
		5E240DEB1AD7FB2200026CB0 /* Resources */ = {
			isa = PBXResourcesBuildPhase;
			buildActionMask = 2147483647;
			files = (
			);
			runOnlyForDeploymentPostprocessing = 0;
		};
/* End PBXResourcesBuildPhase section */

/* Begin PBXSourcesBuildPhase section */
		5E240DDE1AD7FB2200026CB0 /* Sources */ = {
			isa = PBXSourcesBuildPhase;
			buildActionMask = 2147483647;
			files = (
				5E240DE81AD7FB2200026CB0 /* Lakhu.m in Sources */,
			);
			runOnlyForDeploymentPostprocessing = 0;
		};
		5E240DE91AD7FB2200026CB0 /* Sources */ = {
			isa = PBXSourcesBuildPhase;
			buildActionMask = 2147483647;
			files = (
			);
			runOnlyForDeploymentPostprocessing = 0;
		};
/* End PBXSourcesBuildPhase section */

/* Begin PBXTargetDependency section */
		5E240DF01AD7FB2200026CB0 /* PBXTargetDependency */ = {
			isa = PBXTargetDependency;
			target = 5E240DE11AD7FB2200026CB0 /* Lakhu */;
			targetProxy = 5E240DEF1AD7FB2200026CB0 /* PBXContainerItemProxy */;
		};
/* End PBXTargetDependency section */

/* Begin XCBuildConfiguration section */
		5E240DF41AD7FB2200026CB0 /* Debug */ = {
			isa = XCBuildConfiguration;
			buildSettings = {
				ALWAYS_SEARCH_USER_PATHS = NO;
				CLANG_CXX_LANGUAGE_STANDARD = "gnu++0x";
				CLANG_CXX_LIBRARY = "libc++";
				CLANG_ENABLE_MODULES = YES;
				CLANG_ENABLE_OBJC_ARC = YES;
				CLANG_WARN_BOOL_CONVERSION = YES;
				CLANG_WARN_CONSTANT_CONVERSION = YES;
				CLANG_WARN_DIRECT_OBJC_ISA_USAGE = YES_ERROR;
				CLANG_WARN_EMPTY_BODY = YES;
				CLANG_WARN_ENUM_CONVERSION = YES;
				CLANG_WARN_INT_CONVERSION = YES;
				CLANG_WARN_OBJC_ROOT_CLASS = YES_ERROR;
				CLANG_WARN_UNREACHABLE_CODE = YES;
				CLANG_WARN__DUPLICATE_METHOD_MATCH = YES;
				COPY_PHASE_STRIP = NO;
				ENABLE_STRICT_OBJC_MSGSEND = YES;
				GCC_C_LANGUAGE_STANDARD = gnu99;
				GCC_DYNAMIC_NO_PIC = NO;
				GCC_OPTIMIZATION_LEVEL = 0;
				GCC_PREPROCESSOR_DEFINITIONS = (
					"DEBUG=1",
					"$(inherited)",
				);
				GCC_SYMBOLS_PRIVATE_EXTERN = NO;
				GCC_WARN_64_TO_32_BIT_CONVERSION = YES;
				GCC_WARN_ABOUT_RETURN_TYPE = YES_ERROR;
				GCC_WARN_UNDECLARED_SELECTOR = YES;
				GCC_WARN_UNINITIALIZED_AUTOS = YES_AGGRESSIVE;
				GCC_WARN_UNUSED_FUNCTION = YES;
				GCC_WARN_UNUSED_VARIABLE = YES;
				IPHONEOS_DEPLOYMENT_TARGET = 8.2;
				MTL_ENABLE_DEBUG_INFO = YES;
				ONLY_ACTIVE_ARCH = YES;
				SDKROOT = iphoneos;
			};
			name = Debug;
		};
		5E240DF51AD7FB2200026CB0 /* Release */ = {
			isa = XCBuildConfiguration;
			buildSettings = {
				ALWAYS_SEARCH_USER_PATHS = NO;
				CLANG_CXX_LANGUAGE_STANDARD = "gnu++0x";
				CLANG_CXX_LIBRARY = "libc++";
				CLANG_ENABLE_MODULES = YES;
				CLANG_ENABLE_OBJC_ARC = YES;
				CLANG_WARN_BOOL_CONVERSION = YES;
				CLANG_WARN_CONSTANT_CONVERSION = YES;
				CLANG_WARN_DIRECT_OBJC_ISA_USAGE = YES_ERROR;
				CLANG_WARN_EMPTY_BODY = YES;
				CLANG_WARN_ENUM_CONVERSION = YES;
				CLANG_WARN_INT_CONVERSION = YES;
				CLANG_WARN_OBJC_ROOT_CLASS = YES_ERROR;
				CLANG_WARN_UNREACHABLE_CODE = YES;
				CLANG_WARN__DUPLICATE_METHOD_MATCH = YES;
				COPY_PHASE_STRIP = NO;
				ENABLE_NS_ASSERTIONS = NO;
				ENABLE_STRICT_OBJC_MSGSEND = YES;
				GCC_C_LANGUAGE_STANDARD = gnu99;
				GCC_WARN_64_TO_32_BIT_CONVERSION = YES;
				GCC_WARN_ABOUT_RETURN_TYPE = YES_ERROR;
				GCC_WARN_UNDECLARED_SELECTOR = YES;
				GCC_WARN_UNINITIALIZED_AUTOS = YES_AGGRESSIVE;
				GCC_WARN_UNUSED_FUNCTION = YES;
				GCC_WARN_UNUSED_VARIABLE = YES;
				IPHONEOS_DEPLOYMENT_TARGET = 8.2;
				MTL_ENABLE_DEBUG_INFO = NO;
				SDKROOT = iphoneos;
				VALIDATE_PRODUCT = YES;
			};
			name = Release;
		};
		5E240DF71AD7FB2200026CB0 /* Debug */ = {
			isa = XCBuildConfiguration;
			buildSettings = {
				HEADER_SEARCH_PATHS = (
					"$(inherited)",
					/Applications/Xcode.app/Contents/Developer/Toolchains/XcodeDefault.xctoolchain/usr/include,
				);
				LIBRARY_SEARCH_PATHS = "";
				OTHER_LDFLAGS = "-ObjC";
				PRODUCT_NAME = "$(TARGET_NAME)";
				SKIP_INSTALL = YES;
				USER_HEADER_SEARCH_PATHS = "$(SRCROOT)/../**";
			};
			name = Debug;
		};
		5E240DF81AD7FB2200026CB0 /* Release */ = {
			isa = XCBuildConfiguration;
			buildSettings = {
				HEADER_SEARCH_PATHS = (
					"$(inherited)",
					/Applications/Xcode.app/Contents/Developer/Toolchains/XcodeDefault.xctoolchain/usr/include,
				);
				LIBRARY_SEARCH_PATHS = "";
				OTHER_LDFLAGS = "-ObjC";
				PRODUCT_NAME = "$(TARGET_NAME)";
				SKIP_INSTALL = YES;
				USER_HEADER_SEARCH_PATHS = "$(SRCROOT)/../**";
			};
			name = Release;
		};
		5E240DFA1AD7FB2200026CB0 /* Debug */ = {
			isa = XCBuildConfiguration;
			buildSettings = {
				FRAMEWORK_SEARCH_PATHS = (
					"$(SDKROOT)/Developer/Library/Frameworks",
					"$(inherited)",
				);
				GCC_PREPROCESSOR_DEFINITIONS = (
					"DEBUG=1",
					"$(inherited)",
				);
				INFOPLIST_FILE = LakhuTests/Info.plist;
				LD_RUNPATH_SEARCH_PATHS = "$(inherited) @executable_path/Frameworks @loader_path/Frameworks";
				PRODUCT_NAME = "$(TARGET_NAME)";
			};
			name = Debug;
		};
		5E240DFB1AD7FB2200026CB0 /* Release */ = {
			isa = XCBuildConfiguration;
			buildSettings = {
				FRAMEWORK_SEARCH_PATHS = (
					"$(SDKROOT)/Developer/Library/Frameworks",
					"$(inherited)",
				);
				INFOPLIST_FILE = LakhuTests/Info.plist;
				LD_RUNPATH_SEARCH_PATHS = "$(inherited) @executable_path/Frameworks @loader_path/Frameworks";
				PRODUCT_NAME = "$(TARGET_NAME)";
			};
			name = Release;
		};
/* End XCBuildConfiguration section */

/* Begin XCConfigurationList section */
		5E240DDD1AD7FB2200026CB0 /* Build configuration list for PBXProject "Lakhu" */ = {
			isa = XCConfigurationList;
			buildConfigurations = (
				5E240DF41AD7FB2200026CB0 /* Debug */,
				5E240DF51AD7FB2200026CB0 /* Release */,
			);
			defaultConfigurationIsVisible = 0;
			defaultConfigurationName = Release;
		};
		5E240DF61AD7FB2200026CB0 /* Build configuration list for PBXNativeTarget "Lakhu" */ = {
			isa = XCConfigurationList;
			buildConfigurations = (
				5E240DF71AD7FB2200026CB0 /* Debug */,
				5E240DF81AD7FB2200026CB0 /* Release */,
			);
			defaultConfigurationIsVisible = 0;
			defaultConfigurationName = Release;
		};
		5E240DF91AD7FB2200026CB0 /* Build configuration list for PBXNativeTarget "LakhuTests" */ = {
			isa = XCConfigurationList;
			buildConfigurations = (
				5E240DFA1AD7FB2200026CB0 /* Debug */,
				5E240DFB1AD7FB2200026CB0 /* Release */,
			);
			defaultConfigurationIsVisible = 0;
			defaultConfigurationName = Release;
		};
/* End XCConfigurationList section */
	};
	rootObject = 5E240DDA1AD7FB2200026CB0 /* Project object */;
}
